// !$*UTF8*$!
{
	archiveVersion = 1;
	classes = {
	};
	objectVersion = 46;
	objects = {

/* Begin PBXBuildFile section */
		A5363BDE1CBBA45000DE069E /* RCTBaiduLocation.m in Sources */ = {isa = PBXBuildFile; fileRef = A5363BDD1CBBA45000DE069E /* RCTBaiduLocation.m */; };
		A5C251871C8FB9BB00AEED9F /* RCTBaiduMap.m in Sources */ = {isa = PBXBuildFile; fileRef = A5C2517D1C8FB9BB00AEED9F /* RCTBaiduMap.m */; };
		A5C251881C8FB9BB00AEED9F /* RCTBaiduMapAnnotation.m in Sources */ = {isa = PBXBuildFile; fileRef = A5C2517F1C8FB9BB00AEED9F /* RCTBaiduMapAnnotation.m */; };
		A5C251891C8FB9BB00AEED9F /* RCTBaiduMapManager.m in Sources */ = {isa = PBXBuildFile; fileRef = A5C251811C8FB9BB00AEED9F /* RCTBaiduMapManager.m */; };
		A5C2518A1C8FB9BB00AEED9F /* RCTBaiduMapOverlay.m in Sources */ = {isa = PBXBuildFile; fileRef = A5C251831C8FB9BB00AEED9F /* RCTBaiduMapOverlay.m */; };
		A5C2518B1C8FB9BB00AEED9F /* RCTConvert+BaiduMapKit.m in Sources */ = {isa = PBXBuildFile; fileRef = A5C251851C8FB9BB00AEED9F /* RCTConvert+BaiduMapKit.m */; };
		A5C251901C8FB9FB00AEED9F /* BaiduMapAPI_Base.framework in Frameworks */ = {isa = PBXBuildFile; fileRef = A5C2518D1C8FB9FB00AEED9F /* BaiduMapAPI_Base.framework */; };
		A5C251911C8FB9FB00AEED9F /* BaiduMapAPI_Map.framework in Frameworks */ = {isa = PBXBuildFile; fileRef = A5C2518E1C8FB9FB00AEED9F /* BaiduMapAPI_Map.framework */; };
		A5C251921C8FB9FB00AEED9F /* BaiduMapAPI_Utils.framework in Frameworks */ = {isa = PBXBuildFile; fileRef = A5C2518F1C8FB9FB00AEED9F /* BaiduMapAPI_Utils.framework */; };
		A5CC6E061CB36A1000A50950 /* BaiduMapAPI_Location.framework in Frameworks */ = {isa = PBXBuildFile; fileRef = A5CC6E051CB36A1000A50950 /* BaiduMapAPI_Location.framework */; };
/* End PBXBuildFile section */

/* Begin PBXCopyFilesBuildPhase section */
		A52931A91C804A8500CC7002 /* Copy Files */ = {
			isa = PBXCopyFilesBuildPhase;
			buildActionMask = 2147483647;
			dstPath = "include/$(PRODUCT_NAME)";
			dstSubfolderSpec = 16;
			files = (
			);
			name = "Copy Files";
			runOnlyForDeploymentPostprocessing = 0;
		};
/* End PBXCopyFilesBuildPhase section */

/* Begin PBXFileReference section */
		A52931AB1C804A8500CC7002 /* libRCTBaiduMap.a */ = {isa = PBXFileReference; explicitFileType = archive.ar; includeInIndex = 0; path = libRCTBaiduMap.a; sourceTree = BUILT_PRODUCTS_DIR; };
		A5363BDC1CBBA45000DE069E /* RCTBaiduLocation.h */ = {isa = PBXFileReference; fileEncoding = 4; lastKnownFileType = sourcecode.c.h; path = RCTBaiduLocation.h; sourceTree = "<group>"; };
		A5363BDD1CBBA45000DE069E /* RCTBaiduLocation.m */ = {isa = PBXFileReference; fileEncoding = 4; lastKnownFileType = sourcecode.c.objc; path = RCTBaiduLocation.m; sourceTree = "<group>"; };
		A5C2517C1C8FB9BB00AEED9F /* RCTBaiduMap.h */ = {isa = PBXFileReference; fileEncoding = 4; lastKnownFileType = sourcecode.c.h; path = RCTBaiduMap.h; sourceTree = "<group>"; };
		A5C2517D1C8FB9BB00AEED9F /* RCTBaiduMap.m */ = {isa = PBXFileReference; fileEncoding = 4; lastKnownFileType = sourcecode.c.objc; path = RCTBaiduMap.m; sourceTree = "<group>"; };
		A5C2517E1C8FB9BB00AEED9F /* RCTBaiduMapAnnotation.h */ = {isa = PBXFileReference; fileEncoding = 4; lastKnownFileType = sourcecode.c.h; path = RCTBaiduMapAnnotation.h; sourceTree = "<group>"; };
		A5C2517F1C8FB9BB00AEED9F /* RCTBaiduMapAnnotation.m */ = {isa = PBXFileReference; fileEncoding = 4; lastKnownFileType = sourcecode.c.objc; path = RCTBaiduMapAnnotation.m; sourceTree = "<group>"; };
		A5C251801C8FB9BB00AEED9F /* RCTBaiduMapManager.h */ = {isa = PBXFileReference; fileEncoding = 4; lastKnownFileType = sourcecode.c.h; path = RCTBaiduMapManager.h; sourceTree = "<group>"; };
		A5C251811C8FB9BB00AEED9F /* RCTBaiduMapManager.m */ = {isa = PBXFileReference; fileEncoding = 4; lastKnownFileType = sourcecode.c.objc; path = RCTBaiduMapManager.m; sourceTree = "<group>"; };
		A5C251821C8FB9BB00AEED9F /* RCTBaiduMapOverlay.h */ = {isa = PBXFileReference; fileEncoding = 4; lastKnownFileType = sourcecode.c.h; path = RCTBaiduMapOverlay.h; sourceTree = "<group>"; };
		A5C251831C8FB9BB00AEED9F /* RCTBaiduMapOverlay.m */ = {isa = PBXFileReference; fileEncoding = 4; lastKnownFileType = sourcecode.c.objc; path = RCTBaiduMapOverlay.m; sourceTree = "<group>"; };
		A5C251841C8FB9BB00AEED9F /* RCTConvert+BaiduMapKit.h */ = {isa = PBXFileReference; fileEncoding = 4; lastKnownFileType = sourcecode.c.h; path = "RCTConvert+BaiduMapKit.h"; sourceTree = "<group>"; };
		A5C251851C8FB9BB00AEED9F /* RCTConvert+BaiduMapKit.m */ = {isa = PBXFileReference; fileEncoding = 4; lastKnownFileType = sourcecode.c.objc; path = "RCTConvert+BaiduMapKit.m"; sourceTree = "<group>"; };
		A5C2518D1C8FB9FB00AEED9F /* BaiduMapAPI_Base.framework */ = {isa = PBXFileReference; lastKnownFileType = wrapper.framework; path = BaiduMapAPI_Base.framework; sourceTree = "<group>"; };
		A5C2518E1C8FB9FB00AEED9F /* BaiduMapAPI_Map.framework */ = {isa = PBXFileReference; lastKnownFileType = wrapper.framework; path = BaiduMapAPI_Map.framework; sourceTree = "<group>"; };
		A5C2518F1C8FB9FB00AEED9F /* BaiduMapAPI_Utils.framework */ = {isa = PBXFileReference; lastKnownFileType = wrapper.framework; path = BaiduMapAPI_Utils.framework; sourceTree = "<group>"; };
		A5C251931C8FBAF500AEED9F /* mapapi.bundle */ = {isa = PBXFileReference; lastKnownFileType = "wrapper.plug-in"; name = mapapi.bundle; path = RCTBaiduMap/BaiduMap/BaiduMapAPI_Map.framework/Resources/mapapi.bundle; sourceTree = "<group>"; };
		A5CC6E051CB36A1000A50950 /* BaiduMapAPI_Location.framework */ = {isa = PBXFileReference; lastKnownFileType = wrapper.framework; path = BaiduMapAPI_Location.framework; sourceTree = "<group>"; };
/* End PBXFileReference section */

/* Begin PBXFrameworksBuildPhase section */
		A52931A81C804A8500CC7002 /* Frameworks */ = {
			isa = PBXFrameworksBuildPhase;
			buildActionMask = 2147483647;
			files = (
				A5C251901C8FB9FB00AEED9F /* BaiduMapAPI_Base.framework in Frameworks */,
				A5C251911C8FB9FB00AEED9F /* BaiduMapAPI_Map.framework in Frameworks */,
				A5C251921C8FB9FB00AEED9F /* BaiduMapAPI_Utils.framework in Frameworks */,
				A5CC6E061CB36A1000A50950 /* BaiduMapAPI_Location.framework in Frameworks */,
			);
			runOnlyForDeploymentPostprocessing = 0;
		};
/* End PBXFrameworksBuildPhase section */

/* Begin PBXGroup section */
		A52931A21C804A8500CC7002 = {
			isa = PBXGroup;
			children = (
				A5C251931C8FBAF500AEED9F /* mapapi.bundle */,
				A5C251791C8FB9BB00AEED9F /* RCTBaiduMap */,
				A52931AC1C804A8500CC7002 /* Products */,
			);
			sourceTree = "<group>";
		};
		A52931AC1C804A8500CC7002 /* Products */ = {
			isa = PBXGroup;
			children = (
				A52931AB1C804A8500CC7002 /* libRCTBaiduMap.a */,
			);
			name = Products;
			sourceTree = "<group>";
		};
		A5C251791C8FB9BB00AEED9F /* RCTBaiduMap */ = {
			isa = PBXGroup;
			children = (
				A5C2518C1C8FB9FB00AEED9F /* BaiduMap */,
				A5C2517C1C8FB9BB00AEED9F /* RCTBaiduMap.h */,
				A5C2517D1C8FB9BB00AEED9F /* RCTBaiduMap.m */,
				A5C2517E1C8FB9BB00AEED9F /* RCTBaiduMapAnnotation.h */,
				A5C2517F1C8FB9BB00AEED9F /* RCTBaiduMapAnnotation.m */,
				A5C251801C8FB9BB00AEED9F /* RCTBaiduMapManager.h */,
				A5C251811C8FB9BB00AEED9F /* RCTBaiduMapManager.m */,
				A5C251821C8FB9BB00AEED9F /* RCTBaiduMapOverlay.h */,
				A5C251831C8FB9BB00AEED9F /* RCTBaiduMapOverlay.m */,
				A5C251841C8FB9BB00AEED9F /* RCTConvert+BaiduMapKit.h */,
				A5C251851C8FB9BB00AEED9F /* RCTConvert+BaiduMapKit.m */,
				A5363BDC1CBBA45000DE069E /* RCTBaiduLocation.h */,
				A5363BDD1CBBA45000DE069E /* RCTBaiduLocation.m */,
			);
			path = RCTBaiduMap;
			sourceTree = "<group>";
		};
		A5C2518C1C8FB9FB00AEED9F /* BaiduMap */ = {
			isa = PBXGroup;
			children = (
				A5CC6E051CB36A1000A50950 /* BaiduMapAPI_Location.framework */,
				A5C2518D1C8FB9FB00AEED9F /* BaiduMapAPI_Base.framework */,
				A5C2518E1C8FB9FB00AEED9F /* BaiduMapAPI_Map.framework */,
				A5C2518F1C8FB9FB00AEED9F /* BaiduMapAPI_Utils.framework */,
			);
			path = BaiduMap;
			sourceTree = "<group>";
		};
/* End PBXGroup section */

/* Begin PBXNativeTarget section */
		A52931AA1C804A8500CC7002 /* RCTBaiduMap */ = {
			isa = PBXNativeTarget;
			buildConfigurationList = A52931B41C804A8500CC7002 /* Build configuration list for PBXNativeTarget "RCTBaiduMap" */;
			buildPhases = (
				A52931A71C804A8500CC7002 /* Sources */,
				A52931A81C804A8500CC7002 /* Frameworks */,
				A52931A91C804A8500CC7002 /* Copy Files */,
			);
			buildRules = (
			);
			dependencies = (
			);
			name = RCTBaiduMap;
			productName = RCTAMap;
			productReference = A52931AB1C804A8500CC7002 /* libRCTBaiduMap.a */;
			productType = "com.apple.product-type.library.static";
		};
/* End PBXNativeTarget section */

/* Begin PBXProject section */
		A52931A31C804A8500CC7002 /* Project object */ = {
			isa = PBXProject;
			attributes = {
				LastUpgradeCheck = 0720;
				ORGANIZATIONNAME = creditease;
				TargetAttributes = {
					A52931AA1C804A8500CC7002 = {
						CreatedOnToolsVersion = 7.2;
					};
				};
			};
			buildConfigurationList = A52931A61C804A8500CC7002 /* Build configuration list for PBXProject "RCTBaiduMap" */;
			compatibilityVersion = "Xcode 3.2";
			developmentRegion = English;
			hasScannedForEncodings = 0;
			knownRegions = (
				en,
			);
			mainGroup = A52931A21C804A8500CC7002;
			productRefGroup = A52931AC1C804A8500CC7002 /* Products */;
			projectDirPath = "";
			projectRoot = "";
			targets = (
				A52931AA1C804A8500CC7002 /* RCTBaiduMap */,
			);
		};
/* End PBXProject section */

/* Begin PBXSourcesBuildPhase section */
		A52931A71C804A8500CC7002 /* Sources */ = {
			isa = PBXSourcesBuildPhase;
			buildActionMask = 2147483647;
			files = (
				A5363BDE1CBBA45000DE069E /* RCTBaiduLocation.m in Sources */,
				A5C251891C8FB9BB00AEED9F /* RCTBaiduMapManager.m in Sources */,
				A5C2518A1C8FB9BB00AEED9F /* RCTBaiduMapOverlay.m in Sources */,
				A5C251871C8FB9BB00AEED9F /* RCTBaiduMap.m in Sources */,
				A5C251881C8FB9BB00AEED9F /* RCTBaiduMapAnnotation.m in Sources */,
				A5C2518B1C8FB9BB00AEED9F /* RCTConvert+BaiduMapKit.m in Sources */,
			);
			runOnlyForDeploymentPostprocessing = 0;
		};
/* End PBXSourcesBuildPhase section */

/* Begin XCBuildConfiguration section */
		A52931B21C804A8500CC7002 /* Debug */ = {
			isa = XCBuildConfiguration;
			buildSettings = {
				ALWAYS_SEARCH_USER_PATHS = NO;
				CLANG_CXX_LANGUAGE_STANDARD = "gnu++0x";
				CLANG_CXX_LIBRARY = "libc++";
				CLANG_ENABLE_MODULES = YES;
				CLANG_ENABLE_OBJC_ARC = YES;
				CLANG_WARN_BOOL_CONVERSION = YES;
				CLANG_WARN_CONSTANT_CONVERSION = YES;
				CLANG_WARN_DIRECT_OBJC_ISA_USAGE = YES_ERROR;
				CLANG_WARN_EMPTY_BODY = YES;
				CLANG_WARN_ENUM_CONVERSION = YES;
				CLANG_WARN_INT_CONVERSION = YES;
				CLANG_WARN_OBJC_ROOT_CLASS = YES_ERROR;
				CLANG_WARN_UNREACHABLE_CODE = YES;
				CLANG_WARN__DUPLICATE_METHOD_MATCH = YES;
				"CODE_SIGN_IDENTITY[sdk=iphoneos*]" = "iPhone Developer";
				COPY_PHASE_STRIP = NO;
				DEBUG_INFORMATION_FORMAT = dwarf;
				ENABLE_STRICT_OBJC_MSGSEND = YES;
				ENABLE_TESTABILITY = YES;
				GCC_C_LANGUAGE_STANDARD = gnu99;
				GCC_DYNAMIC_NO_PIC = NO;
				GCC_NO_COMMON_BLOCKS = YES;
				GCC_OPTIMIZATION_LEVEL = 0;
				GCC_PREPROCESSOR_DEFINITIONS = (
					"DEBUG=1",
					"$(inherited)",
				);
				GCC_WARN_64_TO_32_BIT_CONVERSION = YES;
				GCC_WARN_ABOUT_RETURN_TYPE = YES_ERROR;
				GCC_WARN_UNDECLARED_SELECTOR = YES;
				GCC_WARN_UNINITIALIZED_AUTOS = YES_AGGRESSIVE;
				GCC_WARN_UNUSED_FUNCTION = YES;
				GCC_WARN_UNUSED_VARIABLE = YES;
				HEADER_SEARCH_PATHS = "$(SRCROOT)/../../../node_modules/react-native/**";
				IPHONEOS_DEPLOYMENT_TARGET = 9.2;
				MTL_ENABLE_DEBUG_INFO = YES;
				ONLY_ACTIVE_ARCH = YES;
				SDKROOT = iphoneos;
			};
			name = Debug;
		};
		A52931B31C804A8500CC7002 /* Release */ = {
			isa = XCBuildConfiguration;
			buildSettings = {
				ALWAYS_SEARCH_USER_PATHS = NO;
				CLANG_CXX_LANGUAGE_STANDARD = "gnu++0x";
				CLANG_CXX_LIBRARY = "libc++";
				CLANG_ENABLE_MODULES = YES;
				CLANG_ENABLE_OBJC_ARC = YES;
				CLANG_WARN_BOOL_CONVERSION = YES;
				CLANG_WARN_CONSTANT_CONVERSION = YES;
				CLANG_WARN_DIRECT_OBJC_ISA_USAGE = YES_ERROR;
				CLANG_WARN_EMPTY_BODY = YES;
				CLANG_WARN_ENUM_CONVERSION = YES;
				CLANG_WARN_INT_CONVERSION = YES;
				CLANG_WARN_OBJC_ROOT_CLASS = YES_ERROR;
				CLANG_WARN_UNREACHABLE_CODE = YES;
				CLANG_WARN__DUPLICATE_METHOD_MATCH = YES;
				"CODE_SIGN_IDENTITY[sdk=iphoneos*]" = "iPhone Developer";
				COPY_PHASE_STRIP = NO;
				DEBUG_INFORMATION_FORMAT = "dwarf-with-dsym";
				ENABLE_NS_ASSERTIONS = NO;
				ENABLE_STRICT_OBJC_MSGSEND = YES;
				GCC_C_LANGUAGE_STANDARD = gnu99;
				GCC_NO_COMMON_BLOCKS = YES;
				GCC_WARN_64_TO_32_BIT_CONVERSION = YES;
				GCC_WARN_ABOUT_RETURN_TYPE = YES_ERROR;
				GCC_WARN_UNDECLARED_SELECTOR = YES;
				GCC_WARN_UNINITIALIZED_AUTOS = YES_AGGRESSIVE;
				GCC_WARN_UNUSED_FUNCTION = YES;
				GCC_WARN_UNUSED_VARIABLE = YES;
				HEADER_SEARCH_PATHS = "$(SRCROOT)/../../../node_modules/react-native/**";
				IPHONEOS_DEPLOYMENT_TARGET = 9.2;
				MTL_ENABLE_DEBUG_INFO = NO;
				SDKROOT = iphoneos;
				VALIDATE_PRODUCT = YES;
			};
			name = Release;
		};
		A52931B51C804A8500CC7002 /* Debug */ = {
			isa = XCBuildConfiguration;
			buildSettings = {
				ARCHS = "$(ARCHS_STANDARD)";
				FRAMEWORK_SEARCH_PATHS = (
					"$(inherited)",
					"$(PROJECT_DIR)/RCTAMap/AMap",
					"$(PROJECT_DIR)/RCTBaiduMap/AMap",
					"$(PROJECT_DIR)/RCTBaiduMap/BaiduMap",
				);
				HEADER_SEARCH_PATHS = (
					"$(inherited)",
					/Applications/Xcode.app/Contents/Developer/Toolchains/XcodeDefault.xctoolchain/usr/include,
					"$(SRCROOT)/../../node_modules/react-native/React/**",
					"$(SRCROOT)/../../../react-native/React/**",
				);
				OTHER_LDFLAGS = "-ObjC";
				PRODUCT_NAME = RCTBaiduMap;
				SKIP_INSTALL = YES;
			};
			name = Debug;
		};
		A52931B61C804A8500CC7002 /* Release */ = {
			isa = XCBuildConfiguration;
			buildSettings = {
				ARCHS = "$(ARCHS_STANDARD)";
				FRAMEWORK_SEARCH_PATHS = (
					"$(inherited)",
					"$(PROJECT_DIR)/RCTAMap/AMap",
					"$(PROJECT_DIR)/RCTBaiduMap/AMap",
					"$(PROJECT_DIR)/RCTBaiduMap/BaiduMap",
				);
				HEADER_SEARCH_PATHS = (
					"$(inherited)",
					/Applications/Xcode.app/Contents/Developer/Toolchains/XcodeDefault.xctoolchain/usr/include,
					"$(SRCROOT)/../../node_modules/react-native/React/**",
					"$(SRCROOT)/../../../react-native/React/**",
				);
				OTHER_LDFLAGS = "-ObjC";
				PRODUCT_NAME = RCTBaiduMap;
				SKIP_INSTALL = YES;
			};
			name = Release;
		};
/* End XCBuildConfiguration section */

/* Begin XCConfigurationList section */
		A52931A61C804A8500CC7002 /* Build configuration list for PBXProject "RCTBaiduMap" */ = {
			isa = XCConfigurationList;
			buildConfigurations = (
				A52931B21C804A8500CC7002 /* Debug */,
				A52931B31C804A8500CC7002 /* Release */,
			);
			defaultConfigurationIsVisible = 0;
			defaultConfigurationName = Release;
		};
		A52931B41C804A8500CC7002 /* Build configuration list for PBXNativeTarget "RCTBaiduMap" */ = {
			isa = XCConfigurationList;
			buildConfigurations = (
				A52931B51C804A8500CC7002 /* Debug */,
				A52931B61C804A8500CC7002 /* Release */,
			);
			defaultConfigurationIsVisible = 0;
			defaultConfigurationName = Release;
		};
/* End XCConfigurationList section */
	};
	rootObject = A52931A31C804A8500CC7002 /* Project object */;
}
